
Microsoft Visual Studio Solution File, Format Version 12.00
# Visual Studio Version 17
VisualStudioVersion = 17.0.31903.59
MinimumVisualStudioVersion = 10.0.40219.1
Project("{2150E333-8FDC-42A3-9474-1A3956D46DE8}") = "src", "src", "{827E0CD3-B72D-47B6-A68D-7590B98EB39B}"
EndProject
Project("{FAE04EC0-301F-11D3-BF4B-00C04F79EFBC}") = "AgentForge.Core", "src\AgentForge.Core\AgentForge.Core.csproj", "{9AC7775F-C1EC-4A1B-BFA7-F2188638C756}"
EndProject
Project("{2150E333-8FDC-42A3-9474-1A3956D46DE8}") = "tests", "tests", "{0AB3BF05-4346-4AA6-1389-037BE0695223}"
EndProject
Project("{FAE04EC0-301F-11D3-BF4B-00C04F79EFBC}") = "AgentForge.Core.Unit", "tests\AgentForge.Core.Unit\AgentForge.Core.Unit.csproj", "{BF27AA2D-17E6-4025-A685-51370E18B6AF}"
EndProject
Project("{FAE04EC0-301F-11D3-BF4B-00C04F79EFBC}") = "AgentForge.Areas.Abstractions", "src\AgentForge.Areas.Abstractions\AgentForge.Areas.Abstractions.csproj", "{5F7A6469-4DFA-4B20-8511-D0F8D26B7BB1}"
EndProject
Project("{FAE04EC0-301F-11D3-BF4B-00C04F79EFBC}") = "AgentForge.Areas.Abstractions.Unit", "tests\AgentForge.Areas.Abstractions.Unit\AgentForge.Areas.Abstractions.Unit.csproj", "{AD75CE32-386A-4F49-BC51-8AC86C8FBF1A}"
EndProject
Project("{FAE04EC0-301F-11D3-BF4B-00C04F79EFBC}") = "AgentForge.Host", "src\AgentForge.Host\AgentForge.Host.csproj", "{97BA6B15-87DA-4B75-8C85-68459CBDB36F}"
EndProject
Project("{FAE04EC0-301F-11D3-BF4B-00C04F79EFBC}") = "AgentForge.Host.Integration", "tests\AgentForge.Host.Integration\AgentForge.Host.Integration.csproj", "{F2630A21-DFCB-4EA2-8850-C715752AB0E9}"
EndProject
Project("{2150E333-8FDC-42A3-9474-1A3956D46DE8}") = "Areas", "Areas", "{BD45B3E3-34F5-F7B9-0ECC-305C38F4D4E0}"
EndProject
Project("{FAE04EC0-301F-11D3-BF4B-00C04F79EFBC}") = "AgentForge.Areas.Agents", "src\Areas\AgentForge.Areas.Agents\AgentForge.Areas.Agents.csproj", "{F780ABCF-AF0E-4B0E-A7CB-526DD7CBB711}"
EndProject
Project("{FAE04EC0-301F-11D3-BF4B-00C04F79EFBC}") = "AgentForge.Areas.Agents.Unit", "tests\AgentForge.Areas.Agents.Unit\AgentForge.Areas.Agents.Unit.csproj", "{0A58F8BD-2FC6-41D2-B3F9-25E0ACA309C6}"
EndProject
Global
	GlobalSection(SolutionConfigurationPlatforms) = preSolution
		Debug|Any CPU = Debug|Any CPU
		Debug|x64 = Debug|x64
		Debug|x86 = Debug|x86
		Release|Any CPU = Release|Any CPU
		Release|x64 = Release|x64
		Release|x86 = Release|x86
	EndGlobalSection
	GlobalSection(ProjectConfigurationPlatforms) = postSolution
		{9AC7775F-C1EC-4A1B-BFA7-F2188638C756}.Debug|Any CPU.ActiveCfg = Debug|Any CPU
		{9AC7775F-C1EC-4A1B-BFA7-F2188638C756}.Debug|Any CPU.Build.0 = Debug|Any CPU
		{9AC7775F-C1EC-4A1B-BFA7-F2188638C756}.Debug|x64.ActiveCfg = Debug|Any CPU
		{9AC7775F-C1EC-4A1B-BFA7-F2188638C756}.Debug|x64.Build.0 = Debug|Any CPU
		{9AC7775F-C1EC-4A1B-BFA7-F2188638C756}.Debug|x86.ActiveCfg = Debug|Any CPU
		{9AC7775F-C1EC-4A1B-BFA7-F2188638C756}.Debug|x86.Build.0 = Debug|Any CPU
		{9AC7775F-C1EC-4A1B-BFA7-F2188638C756}.Release|Any CPU.ActiveCfg = Release|Any CPU
		{9AC7775F-C1EC-4A1B-BFA7-F2188638C756}.Release|Any CPU.Build.0 = Release|Any CPU
		{9AC7775F-C1EC-4A1B-BFA7-F2188638C756}.Release|x64.ActiveCfg = Release|Any CPU
		{9AC7775F-C1EC-4A1B-BFA7-F2188638C756}.Release|x64.Build.0 = Release|Any CPU
		{9AC7775F-C1EC-4A1B-BFA7-F2188638C756}.Release|x86.ActiveCfg = Release|Any CPU
		{9AC7775F-C1EC-4A1B-BFA7-F2188638C756}.Release|x86.Build.0 = Release|Any CPU
		{BF27AA2D-17E6-4025-A685-51370E18B6AF}.Debug|Any CPU.ActiveCfg = Debug|Any CPU
		{BF27AA2D-17E6-4025-A685-51370E18B6AF}.Debug|Any CPU.Build.0 = Debug|Any CPU
		{BF27AA2D-17E6-4025-A685-51370E18B6AF}.Debug|x64.ActiveCfg = Debug|Any CPU
		{BF27AA2D-17E6-4025-A685-51370E18B6AF}.Debug|x64.Build.0 = Debug|Any CPU
		{BF27AA2D-17E6-4025-A685-51370E18B6AF}.Debug|x86.ActiveCfg = Debug|Any CPU
		{BF27AA2D-17E6-4025-A685-51370E18B6AF}.Debug|x86.Build.0 = Debug|Any CPU
		{BF27AA2D-17E6-4025-A685-51370E18B6AF}.Release|Any CPU.ActiveCfg = Release|Any CPU
		{BF27AA2D-17E6-4025-A685-51370E18B6AF}.Release|Any CPU.Build.0 = Release|Any CPU
		{BF27AA2D-17E6-4025-A685-51370E18B6AF}.Release|x64.ActiveCfg = Release|Any CPU
		{BF27AA2D-17E6-4025-A685-51370E18B6AF}.Release|x64.Build.0 = Release|Any CPU
		{BF27AA2D-17E6-4025-A685-51370E18B6AF}.Release|x86.ActiveCfg = Release|Any CPU
		{BF27AA2D-17E6-4025-A685-51370E18B6AF}.Release|x86.Build.0 = Release|Any CPU
		{5F7A6469-4DFA-4B20-8511-D0F8D26B7BB1}.Debug|Any CPU.ActiveCfg = Debug|Any CPU
		{5F7A6469-4DFA-4B20-8511-D0F8D26B7BB1}.Debug|Any CPU.Build.0 = Debug|Any CPU
		{5F7A6469-4DFA-4B20-8511-D0F8D26B7BB1}.Debug|x64.ActiveCfg = Debug|Any CPU
		{5F7A6469-4DFA-4B20-8511-D0F8D26B7BB1}.Debug|x64.Build.0 = Debug|Any CPU
		{5F7A6469-4DFA-4B20-8511-D0F8D26B7BB1}.Debug|x86.ActiveCfg = Debug|Any CPU
		{5F7A6469-4DFA-4B20-8511-D0F8D26B7BB1}.Debug|x86.Build.0 = Debug|Any CPU
		{5F7A6469-4DFA-4B20-8511-D0F8D26B7BB1}.Release|Any CPU.ActiveCfg = Release|Any CPU
		{5F7A6469-4DFA-4B20-8511-D0F8D26B7BB1}.Release|Any CPU.Build.0 = Release|Any CPU
		{5F7A6469-4DFA-4B20-8511-D0F8D26B7BB1}.Release|x64.ActiveCfg = Release|Any CPU
		{5F7A6469-4DFA-4B20-8511-D0F8D26B7BB1}.Release|x64.Build.0 = Release|Any CPU
		{5F7A6469-4DFA-4B20-8511-D0F8D26B7BB1}.Release|x86.ActiveCfg = Release|Any CPU
		{5F7A6469-4DFA-4B20-8511-D0F8D26B7BB1}.Release|x86.Build.0 = Release|Any CPU
		{AD75CE32-386A-4F49-BC51-8AC86C8FBF1A}.Debug|Any CPU.ActiveCfg = Debug|Any CPU
		{AD75CE32-386A-4F49-BC51-8AC86C8FBF1A}.Debug|Any CPU.Build.0 = Debug|Any CPU
		{AD75CE32-386A-4F49-BC51-8AC86C8FBF1A}.Debug|x64.ActiveCfg = Debug|Any CPU
		{AD75CE32-386A-4F49-BC51-8AC86C8FBF1A}.Debug|x64.Build.0 = Debug|Any CPU
		{AD75CE32-386A-4F49-BC51-8AC86C8FBF1A}.Debug|x86.ActiveCfg = Debug|Any CPU
		{AD75CE32-386A-4F49-BC51-8AC86C8FBF1A}.Debug|x86.Build.0 = Debug|Any CPU
		{AD75CE32-386A-4F49-BC51-8AC86C8FBF1A}.Release|Any CPU.ActiveCfg = Release|Any CPU
		{AD75CE32-386A-4F49-BC51-8AC86C8FBF1A}.Release|Any CPU.Build.0 = Release|Any CPU
		{AD75CE32-386A-4F49-BC51-8AC86C8FBF1A}.Release|x64.ActiveCfg = Release|Any CPU
		{AD75CE32-386A-4F49-BC51-8AC86C8FBF1A}.Release|x64.Build.0 = Release|Any CPU
		{AD75CE32-386A-4F49-BC51-8AC86C8FBF1A}.Release|x86.ActiveCfg = Release|Any CPU
		{AD75CE32-386A-4F49-BC51-8AC86C8FBF1A}.Release|x86.Build.0 = Release|Any CPU
		{97BA6B15-87DA-4B75-8C85-68459CBDB36F}.Debug|Any CPU.ActiveCfg = Debug|Any CPU
		{97BA6B15-87DA-4B75-8C85-68459CBDB36F}.Debug|Any CPU.Build.0 = Debug|Any CPU
		{97BA6B15-87DA-4B75-8C85-68459CBDB36F}.Debug|x64.ActiveCfg = Debug|Any CPU
		{97BA6B15-87DA-4B75-8C85-68459CBDB36F}.Debug|x64.Build.0 = Debug|Any CPU
		{97BA6B15-87DA-4B75-8C85-68459CBDB36F}.Debug|x86.ActiveCfg = Debug|Any CPU
		{97BA6B15-87DA-4B75-8C85-68459CBDB36F}.Debug|x86.Build.0 = Debug|Any CPU
		{97BA6B15-87DA-4B75-8C85-68459CBDB36F}.Release|Any CPU.ActiveCfg = Release|Any CPU
		{97BA6B15-87DA-4B75-8C85-68459CBDB36F}.Release|Any CPU.Build.0 = Release|Any CPU
		{97BA6B15-87DA-4B75-8C85-68459CBDB36F}.Release|x64.ActiveCfg = Release|Any CPU
		{97BA6B15-87DA-4B75-8C85-68459CBDB36F}.Release|x64.Build.0 = Release|Any CPU
		{97BA6B15-87DA-4B75-8C85-68459CBDB36F}.Release|x86.ActiveCfg = Release|Any CPU
		{97BA6B15-87DA-4B75-8C85-68459CBDB36F}.Release|x86.Build.0 = Release|Any CPU
		{F2630A21-DFCB-4EA2-8850-C715752AB0E9}.Debug|Any CPU.ActiveCfg = Debug|Any CPU
		{F2630A21-DFCB-4EA2-8850-C715752AB0E9}.Debug|Any CPU.Build.0 = Debug|Any CPU
		{F2630A21-DFCB-4EA2-8850-C715752AB0E9}.Debug|x64.ActiveCfg = Debug|Any CPU
		{F2630A21-DFCB-4EA2-8850-C715752AB0E9}.Debug|x64.Build.0 = Debug|Any CPU
		{F2630A21-DFCB-4EA2-8850-C715752AB0E9}.Debug|x86.ActiveCfg = Debug|Any CPU
		{F2630A21-DFCB-4EA2-8850-C715752AB0E9}.Debug|x86.Build.0 = Debug|Any CPU
		{F2630A21-DFCB-4EA2-8850-C715752AB0E9}.Release|Any CPU.ActiveCfg = Release|Any CPU
		{F2630A21-DFCB-4EA2-8850-C715752AB0E9}.Release|Any CPU.Build.0 = Release|Any CPU
		{F2630A21-DFCB-4EA2-8850-C715752AB0E9}.Release|x64.ActiveCfg = Release|Any CPU
		{F2630A21-DFCB-4EA2-8850-C715752AB0E9}.Release|x64.Build.0 = Release|Any CPU
		{F2630A21-DFCB-4EA2-8850-C715752AB0E9}.Release|x86.ActiveCfg = Release|Any CPU
		{F2630A21-DFCB-4EA2-8850-C715752AB0E9}.Release|x86.Build.0 = Release|Any CPU
		{F780ABCF-AF0E-4B0E-A7CB-526DD7CBB711}.Debug|Any CPU.ActiveCfg = Debug|Any CPU
		{F780ABCF-AF0E-4B0E-A7CB-526DD7CBB711}.Debug|Any CPU.Build.0 = Debug|Any CPU
		{F780ABCF-AF0E-4B0E-A7CB-526DD7CBB711}.Debug|x64.ActiveCfg = Debug|Any CPU
		{F780ABCF-AF0E-4B0E-A7CB-526DD7CBB711}.Debug|x64.Build.0 = Debug|Any CPU
		{F780ABCF-AF0E-4B0E-A7CB-526DD7CBB711}.Debug|x86.ActiveCfg = Debug|Any CPU
		{F780ABCF-AF0E-4B0E-A7CB-526DD7CBB711}.Debug|x86.Build.0 = Debug|Any CPU
		{F780ABCF-AF0E-4B0E-A7CB-526DD7CBB711}.Release|Any CPU.ActiveCfg = Release|Any CPU
		{F780ABCF-AF0E-4B0E-A7CB-526DD7CBB711}.Release|Any CPU.Build.0 = Release|Any CPU
		{F780ABCF-AF0E-4B0E-A7CB-526DD7CBB711}.Release|x64.ActiveCfg = Release|Any CPU
		{F780ABCF-AF0E-4B0E-A7CB-526DD7CBB711}.Release|x64.Build.0 = Release|Any CPU
		{F780ABCF-AF0E-4B0E-A7CB-526DD7CBB711}.Release|x86.ActiveCfg = Release|Any CPU
		{F780ABCF-AF0E-4B0E-A7CB-526DD7CBB711}.Release|x86.Build.0 = Release|Any CPU
		{0A58F8BD-2FC6-41D2-B3F9-25E0ACA309C6}.Debug|Any CPU.ActiveCfg = Debug|Any CPU
		{0A58F8BD-2FC6-41D2-B3F9-25E0ACA309C6}.Debug|Any CPU.Build.0 = Debug|Any CPU
		{0A58F8BD-2FC6-41D2-B3F9-25E0ACA309C6}.Debug|x64.ActiveCfg = Debug|Any CPU
		{0A58F8BD-2FC6-41D2-B3F9-25E0ACA309C6}.Debug|x64.Build.0 = Debug|Any CPU
		{0A58F8BD-2FC6-41D2-B3F9-25E0ACA309C6}.Debug|x86.ActiveCfg = Debug|Any CPU
		{0A58F8BD-2FC6-41D2-B3F9-25E0ACA309C6}.Debug|x86.Build.0 = Debug|Any CPU
		{0A58F8BD-2FC6-41D2-B3F9-25E0ACA309C6}.Release|Any CPU.ActiveCfg = Release|Any CPU
		{0A58F8BD-2FC6-41D2-B3F9-25E0ACA309C6}.Release|Any CPU.Build.0 = Release|Any CPU
		{0A58F8BD-2FC6-41D2-B3F9-25E0ACA309C6}.Release|x64.ActiveCfg = Release|Any CPU
		{0A58F8BD-2FC6-41D2-B3F9-25E0ACA309C6}.Release|x64.Build.0 = Release|Any CPU
		{0A58F8BD-2FC6-41D2-B3F9-25E0ACA309C6}.Release|x86.ActiveCfg = Release|Any CPU
		{0A58F8BD-2FC6-41D2-B3F9-25E0ACA309C6}.Release|x86.Build.0 = Release|Any CPU
	EndGlobalSection
	GlobalSection(SolutionProperties) = preSolution
		HideSolutionNode = FALSE
	EndGlobalSection
	GlobalSection(NestedProjects) = preSolution
		{9AC7775F-C1EC-4A1B-BFA7-F2188638C756} = {827E0CD3-B72D-47B6-A68D-7590B98EB39B}
		{BF27AA2D-17E6-4025-A685-51370E18B6AF} = {0AB3BF05-4346-4AA6-1389-037BE0695223}
		{5F7A6469-4DFA-4B20-8511-D0F8D26B7BB1} = {827E0CD3-B72D-47B6-A68D-7590B98EB39B}
		{AD75CE32-386A-4F49-BC51-8AC86C8FBF1A} = {0AB3BF05-4346-4AA6-1389-037BE0695223}
		{97BA6B15-87DA-4B75-8C85-68459CBDB36F} = {827E0CD3-B72D-47B6-A68D-7590B98EB39B}
		{F2630A21-DFCB-4EA2-8850-C715752AB0E9} = {0AB3BF05-4346-4AA6-1389-037BE0695223}
		{BD45B3E3-34F5-F7B9-0ECC-305C38F4D4E0} = {827E0CD3-B72D-47B6-A68D-7590B98EB39B}
		{F780ABCF-AF0E-4B0E-A7CB-526DD7CBB711} = {BD45B3E3-34F5-F7B9-0ECC-305C38F4D4E0}
		{0A58F8BD-2FC6-41D2-B3F9-25E0ACA309C6} = {0AB3BF05-4346-4AA6-1389-037BE0695223}
	EndGlobalSection
EndGlobal
